{
  "name": "node-web-streams",
  "version": "0.2.2",
  "lockfileVersion": 1,
  "requires": true,
  "dependencies": {
    "is-stream": {
      "version": "1.1.0",
      "resolved": "https://registry.npmjs.org/is-stream/-/is-stream-1.1.0.tgz",
      "integrity": "sha1-EtSj3U5o4Lec6428hBc66A2RykQ="
    },
    "readable-stream-node-to-web": {
      "version": "1.0.1",
      "resolved": "https://registry.npmjs.org/readable-stream-node-to-web/-/readable-stream-node-to-web-1.0.1.tgz",
      "integrity": "sha1-i3YU+qFGXr+g2pucpjA/onBzt88="
    },
    "web-streams-polyfill": {
      "version": "1.3.2",
      "resolved": "https://registry.npmjs.org/web-streams-polyfill/-/web-streams-polyfill-1.3.2.tgz",
      "integrity": "sha1-NxkkXpCSgtk5Z4JfRLzVUOnAOZU="
    }
  }
}
